
Microsoft Visual Studio Solution File, Format Version 12.00
# Visual Studio Version 16
VisualStudioVersion = 16.0.33027.164
MinimumVisualStudioVersion = 10.0.40219.1
Project("{FAE04EC0-301F-11D3-BF4B-00C04F79EFBC}") = "Generics", "Generics.csproj", "{569E97D9-F672-4D23-94CA-C17CCFF6539A}"
EndProject
Global
	GlobalSection(SolutionConfigurationPlatforms) = preSolution
		Debug|Any CPU = Debug|Any CPU
		Release|Any CPU = Release|Any CPU
	EndGlobalSection
	GlobalSection(ProjectConfigurationPlatforms) = postSolution
		{569E97D9-F672-4D23-94CA-C17CCFF6539A}.Debug|Any CPU.ActiveCfg = Debug|Any CPU
		{569E97D9-F672-4D23-94CA-C17CCFF6539A}.Debug|Any CPU.Build.0 = Debug|Any CPU
		{569E97D9-F672-4D23-94CA-C17CCFF6539A}.Release|Any CPU.ActiveCfg = Release|Any CPU
		{569E97D9-F672-4D23-94CA-C17CCFF6539A}.Release|Any CPU.Build.0 = Release|Any CPU
	EndGlobalSection
	GlobalSection(SolutionProperties) = preSolution
		HideSolutionNode = FALSE
	EndGlobalSection
	GlobalSection(ExtensibilityGlobals) = postSolution
		SolutionGuid = {75FE369B-D7D9-4E86-867C-3C790C722ED2}
	EndGlobalSection
EndGlobal
